
Microsoft Visual Studio Solution File, Format Version 12.00
# Visual Studio Version 17
VisualStudioVersion = 17.2.32602.215
MinimumVisualStudioVersion = 10.0.40219.1
Project("{FAE04EC0-301F-11D3-BF4B-00C04F79EFBC}") = "AvaloniaImageCompress", "AvaloniaImageCompress\AvaloniaImageCompress.csproj", "{7CDF8C9D-141F-4C62-85CD-D3668EDAAB32}"
EndProject
Global
	GlobalSection(SolutionConfigurationPlatforms) = preSolution
		Debug|Any CPU = Debug|Any CPU
		Release|Any CPU = Release|Any CPU
	EndGlobalSection
	GlobalSection(ProjectConfigurationPlatforms) = postSolution
		{7CDF8C9D-141F-4C62-85CD-D3668EDAAB32}.Debug|Any CPU.ActiveCfg = Debug|Any CPU
		{7CDF8C9D-141F-4C62-85CD-D3668EDAAB32}.Debug|Any CPU.Build.0 = Debug|Any CPU
		{7CDF8C9D-141F-4C62-85CD-D3668EDAAB32}.Release|Any CPU.ActiveCfg = Release|Any CPU
		{7CDF8C9D-141F-4C62-85CD-D3668EDAAB32}.Release|Any CPU.Build.0 = Release|Any CPU
	EndGlobalSection
	GlobalSection(SolutionProperties) = preSolution
		HideSolutionNode = FALSE
	EndGlobalSection
	GlobalSection(ExtensibilityGlobals) = postSolution
		SolutionGuid = {C87125DF-9855-4228-A24F-154F2F320756}
	EndGlobalSection
EndGlobal
